
Microsoft Visual Studio Solution File, Format Version 12.00
# Visual Studio Version 17
VisualStudioVersion = 17.5.002.0
MinimumVisualStudioVersion = 10.0.40219.1
Project("{9A19103F-16F7-4668-BE54-9A1E7A4F7556}") = "CodigoASLaboratoriodeProgramacao", "CodigoASLaboratoriodeProgramacao.csproj", "{7B82EB1C-6791-4AD2-94B0-CB2D601A1D9C}"
EndProject
Global
	GlobalSection(SolutionConfigurationPlatforms) = preSolution
		Debug|Any CPU = Debug|Any CPU
		Release|Any CPU = Release|Any CPU
	EndGlobalSection
	GlobalSection(ProjectConfigurationPlatforms) = postSolution
		{7B82EB1C-6791-4AD2-94B0-CB2D601A1D9C}.Debug|Any CPU.ActiveCfg = Debug|Any CPU
		{7B82EB1C-6791-4AD2-94B0-CB2D601A1D9C}.Debug|Any CPU.Build.0 = Debug|Any CPU
		{7B82EB1C-6791-4AD2-94B0-CB2D601A1D9C}.Release|Any CPU.ActiveCfg = Release|Any CPU
		{7B82EB1C-6791-4AD2-94B0-CB2D601A1D9C}.Release|Any CPU.Build.0 = Release|Any CPU
	EndGlobalSection
	GlobalSection(SolutionProperties) = preSolution
		HideSolutionNode = FALSE
	EndGlobalSection
	GlobalSection(ExtensibilityGlobals) = postSolution
		SolutionGuid = {2EA1DF24-9E2A-4DF5-B9C6-DB99603D28C6}
	EndGlobalSection
EndGlobal
